
Microsoft Visual Studio Solution File, Format Version 12.00
# Visual Studio Version 17
VisualStudioVersion = 17.6.33829.357
MinimumVisualStudioVersion = 10.0.40219.1
Project("{FAE04EC0-301F-11D3-BF4B-00C04F79EFBC}") = "eyeRestReminder", "eyeRestReminder\eyeRestReminder.csproj", "{1A7C4130-9701-4709-8694-7A9DFBF92BF9}"
EndProject
Global
	GlobalSection(SolutionConfigurationPlatforms) = preSolution
		Debug|Any CPU = Debug|Any CPU
		Release|Any CPU = Release|Any CPU
	EndGlobalSection
	GlobalSection(ProjectConfigurationPlatforms) = postSolution
		{1A7C4130-9701-4709-8694-7A9DFBF92BF9}.Debug|Any CPU.ActiveCfg = Debug|Any CPU
		{1A7C4130-9701-4709-8694-7A9DFBF92BF9}.Debug|Any CPU.Build.0 = Debug|Any CPU
		{1A7C4130-9701-4709-8694-7A9DFBF92BF9}.Release|Any CPU.ActiveCfg = Release|Any CPU
		{1A7C4130-9701-4709-8694-7A9DFBF92BF9}.Release|Any CPU.Build.0 = Release|Any CPU
	EndGlobalSection
	GlobalSection(SolutionProperties) = preSolution
		HideSolutionNode = FALSE
	EndGlobalSection
	GlobalSection(ExtensibilityGlobals) = postSolution
		SolutionGuid = {540E06D8-F6A0-4EE3-8FCA-3461F2CA69C5}
	EndGlobalSection
EndGlobal
